// !$*UTF8*$!
{
	archiveVersion = 1;
	classes = {
	};
	objectVersion = 46;
	objects = {

/* Begin PBXBuildFile section */
		9344659614D89EBF007C028A /* UIKit.framework in Frameworks */ = {isa = PBXBuildFile; fileRef = 9344659514D89EBF007C028A /* UIKit.framework */; };
		9344659814D89EBF007C028A /* Foundation.framework in Frameworks */ = {isa = PBXBuildFile; fileRef = 9344659714D89EBF007C028A /* Foundation.framework */; };
		9344659A14D89EBF007C028A /* CoreGraphics.framework in Frameworks */ = {isa = PBXBuildFile; fileRef = 9344659914D89EBF007C028A /* CoreGraphics.framework */; };
		934465A014D89EBF007C028A /* InfoPlist.strings in Resources */ = {isa = PBXBuildFile; fileRef = 9344659E14D89EBF007C028A /* InfoPlist.strings */; };
		934465A214D89EBF007C028A /* main.m in Sources */ = {isa = PBXBuildFile; fileRef = 934465A114D89EBF007C028A /* main.m */; };
		934465A614D89EBF007C028A /* PBRAppDelegate.m in Sources */ = {isa = PBXBuildFile; fileRef = 934465A514D89EBF007C028A /* PBRAppDelegate.m */; };
		934465A914D89EBF007C028A /* MainStoryboard_iPhone.storyboard in Resources */ = {isa = PBXBuildFile; fileRef = 934465A714D89EBF007C028A /* MainStoryboard_iPhone.storyboard */; };
		934465AC14D89EBF007C028A /* MainStoryboard_iPad.storyboard in Resources */ = {isa = PBXBuildFile; fileRef = 934465AA14D89EBF007C028A /* MainStoryboard_iPad.storyboard */; };
		934465AF14D89EBF007C028A /* PBRViewController.m in Sources */ = {isa = PBXBuildFile; fileRef = 934465AE14D89EBF007C028A /* PBRViewController.m */; };
		934465B714D89EBF007C028A /* SenTestingKit.framework in Frameworks */ = {isa = PBXBuildFile; fileRef = 934465B614D89EBF007C028A /* SenTestingKit.framework */; };
		934465B814D89EBF007C028A /* UIKit.framework in Frameworks */ = {isa = PBXBuildFile; fileRef = 9344659514D89EBF007C028A /* UIKit.framework */; };
		934465B914D89EBF007C028A /* Foundation.framework in Frameworks */ = {isa = PBXBuildFile; fileRef = 9344659714D89EBF007C028A /* Foundation.framework */; };
		934465C114D89EBF007C028A /* InfoPlist.strings in Resources */ = {isa = PBXBuildFile; fileRef = 934465BF14D89EBF007C028A /* InfoPlist.strings */; };
		934465C414D89EBF007C028A /* p2pbrTests.m in Sources */ = {isa = PBXBuildFile; fileRef = 934465C314D89EBF007C028A /* p2pbrTests.m */; };
		934465D614D8A830007C028A /* AVFoundation.framework in Frameworks */ = {isa = PBXBuildFile; fileRef = 934465D514D8A830007C028A /* AVFoundation.framework */; };
		934465DB14D8D929007C028A /* StreamWriter.m in Sources */ = {isa = PBXBuildFile; fileRef = 934465DA14D8D929007C028A /* StreamWriter.m */; };
		934465E114D8EA3F007C028A /* CoreMedia.framework in Frameworks */ = {isa = PBXBuildFile; fileRef = 934465E014D8EA3F007C028A /* CoreMedia.framework */; };
		934465E514D8FA7A007C028A /* CFNetwork.framework in Frameworks */ = {isa = PBXBuildFile; fileRef = 934465E414D8FA7A007C028A /* CFNetwork.framework */; };
		934465E614D8FA99007C028A /* Security.framework in Frameworks */ = {isa = PBXBuildFile; fileRef = 934465E214D8F9B3007C028A /* Security.framework */; };
		936E489A14E0848C0021A3AF /* AsyncSocket.m in Sources */ = {isa = PBXBuildFile; fileRef = 936E489714E0848C0021A3AF /* AsyncSocket.m */; settings = {COMPILER_FLAGS = "-fno-objc-arc"; }; };
		936E489B14E0848C0021A3AF /* AsyncUdpSocket.m in Sources */ = {isa = PBXBuildFile; fileRef = 936E489914E0848C0021A3AF /* AsyncUdpSocket.m */; settings = {COMPILER_FLAGS = "-fno-objc-arc"; }; };
		93F38F8B14DBA5F200783164 /* AudioToolbox.framework in Frameworks */ = {isa = PBXBuildFile; fileRef = 93F38F8A14DBA5F200783164 /* AudioToolbox.framework */; };
/* End PBXBuildFile section */

/* Begin PBXContainerItemProxy section */
		934465BA14D89EBF007C028A /* PBXContainerItemProxy */ = {
			isa = PBXContainerItemProxy;
			containerPortal = 9344658814D89EBF007C028A /* Project object */;
			proxyType = 1;
			remoteGlobalIDString = 9344659014D89EBF007C028A;
			remoteInfo = p2pbr;
		};
/* End PBXContainerItemProxy section */

/* Begin PBXFileReference section */
		9344659114D89EBF007C028A /* p2pbr.app */ = {isa = PBXFileReference; explicitFileType = wrapper.application; includeInIndex = 0; path = p2pbr.app; sourceTree = BUILT_PRODUCTS_DIR; };
		9344659514D89EBF007C028A /* UIKit.framework */ = {isa = PBXFileReference; lastKnownFileType = wrapper.framework; name = UIKit.framework; path = System/Library/Frameworks/UIKit.framework; sourceTree = SDKROOT; };
		9344659714D89EBF007C028A /* Foundation.framework */ = {isa = PBXFileReference; lastKnownFileType = wrapper.framework; name = Foundation.framework; path = System/Library/Frameworks/Foundation.framework; sourceTree = SDKROOT; };
		9344659914D89EBF007C028A /* CoreGraphics.framework */ = {isa = PBXFileReference; lastKnownFileType = wrapper.framework; name = CoreGraphics.framework; path = System/Library/Frameworks/CoreGraphics.framework; sourceTree = SDKROOT; };
		9344659D14D89EBF007C028A /* p2pbr-Info.plist */ = {isa = PBXFileReference; lastKnownFileType = text.plist.xml; path = "p2pbr-Info.plist"; sourceTree = "<group>"; };
		9344659F14D89EBF007C028A /* en */ = {isa = PBXFileReference; lastKnownFileType = text.plist.strings; name = en; path = en.lproj/InfoPlist.strings; sourceTree = "<group>"; };
		934465A114D89EBF007C028A /* main.m */ = {isa = PBXFileReference; lastKnownFileType = sourcecode.c.objc; path = main.m; sourceTree = "<group>"; };
		934465A314D89EBF007C028A /* p2pbr-Prefix.pch */ = {isa = PBXFileReference; lastKnownFileType = sourcecode.c.h; path = "p2pbr-Prefix.pch"; sourceTree = "<group>"; };
		934465A414D89EBF007C028A /* PBRAppDelegate.h */ = {isa = PBXFileReference; lastKnownFileType = sourcecode.c.h; path = PBRAppDelegate.h; sourceTree = "<group>"; };
		934465A514D89EBF007C028A /* PBRAppDelegate.m */ = {isa = PBXFileReference; lastKnownFileType = sourcecode.c.objc; path = PBRAppDelegate.m; sourceTree = "<group>"; };
		934465A814D89EBF007C028A /* en */ = {isa = PBXFileReference; lastKnownFileType = file.storyboard; name = en; path = en.lproj/MainStoryboard_iPhone.storyboard; sourceTree = "<group>"; };
		934465AB14D89EBF007C028A /* en */ = {isa = PBXFileReference; lastKnownFileType = file.storyboard; name = en; path = en.lproj/MainStoryboard_iPad.storyboard; sourceTree = "<group>"; };
		934465AD14D89EBF007C028A /* PBRViewController.h */ = {isa = PBXFileReference; lastKnownFileType = sourcecode.c.h; path = PBRViewController.h; sourceTree = "<group>"; };
		934465AE14D89EBF007C028A /* PBRViewController.m */ = {isa = PBXFileReference; lastKnownFileType = sourcecode.c.objc; path = PBRViewController.m; sourceTree = "<group>"; };
		934465B514D89EBF007C028A /* p2pbrTests.octest */ = {isa = PBXFileReference; explicitFileType = wrapper.cfbundle; includeInIndex = 0; path = p2pbrTests.octest; sourceTree = BUILT_PRODUCTS_DIR; };
		934465B614D89EBF007C028A /* SenTestingKit.framework */ = {isa = PBXFileReference; lastKnownFileType = wrapper.framework; name = SenTestingKit.framework; path = Library/Frameworks/SenTestingKit.framework; sourceTree = DEVELOPER_DIR; };
		934465BE14D89EBF007C028A /* p2pbrTests-Info.plist */ = {isa = PBXFileReference; lastKnownFileType = text.plist.xml; path = "p2pbrTests-Info.plist"; sourceTree = "<group>"; };
		934465C014D89EBF007C028A /* en */ = {isa = PBXFileReference; lastKnownFileType = text.plist.strings; name = en; path = en.lproj/InfoPlist.strings; sourceTree = "<group>"; };
		934465C214D89EBF007C028A /* p2pbrTests.h */ = {isa = PBXFileReference; lastKnownFileType = sourcecode.c.h; path = p2pbrTests.h; sourceTree = "<group>"; };
		934465C314D89EBF007C028A /* p2pbrTests.m */ = {isa = PBXFileReference; lastKnownFileType = sourcecode.c.objc; path = p2pbrTests.m; sourceTree = "<group>"; };
		934465D514D8A830007C028A /* AVFoundation.framework */ = {isa = PBXFileReference; lastKnownFileType = wrapper.framework; name = AVFoundation.framework; path = System/Library/Frameworks/AVFoundation.framework; sourceTree = SDKROOT; };
		934465D914D8D929007C028A /* StreamWriter.h */ = {isa = PBXFileReference; fileEncoding = 4; lastKnownFileType = sourcecode.c.h; path = StreamWriter.h; sourceTree = "<group>"; };
		934465DA14D8D929007C028A /* StreamWriter.m */ = {isa = PBXFileReference; fileEncoding = 4; lastKnownFileType = sourcecode.c.objc; path = StreamWriter.m; sourceTree = "<group>"; };
		934465E014D8EA3F007C028A /* CoreMedia.framework */ = {isa = PBXFileReference; lastKnownFileType = wrapper.framework; name = CoreMedia.framework; path = System/Library/Frameworks/CoreMedia.framework; sourceTree = SDKROOT; };
		934465E214D8F9B3007C028A /* Security.framework */ = {isa = PBXFileReference; lastKnownFileType = wrapper.framework; name = Security.framework; path = System/Library/Frameworks/Security.framework; sourceTree = SDKROOT; };
		934465E414D8FA7A007C028A /* CFNetwork.framework */ = {isa = PBXFileReference; lastKnownFileType = wrapper.framework; name = CFNetwork.framework; path = System/Library/Frameworks/CFNetwork.framework; sourceTree = SDKROOT; };
		936E489614E0848C0021A3AF /* AsyncSocket.h */ = {isa = PBXFileReference; fileEncoding = 4; lastKnownFileType = sourcecode.c.h; name = AsyncSocket.h; path = CocoaAsyncSocket/RunLoop/AsyncSocket.h; sourceTree = "<group>"; };
		936E489714E0848C0021A3AF /* AsyncSocket.m */ = {isa = PBXFileReference; fileEncoding = 4; lastKnownFileType = sourcecode.c.objc; name = AsyncSocket.m; path = CocoaAsyncSocket/RunLoop/AsyncSocket.m; sourceTree = "<group>"; };
		936E489814E0848C0021A3AF /* AsyncUdpSocket.h */ = {isa = PBXFileReference; fileEncoding = 4; lastKnownFileType = sourcecode.c.h; name = AsyncUdpSocket.h; path = CocoaAsyncSocket/RunLoop/AsyncUdpSocket.h; sourceTree = "<group>"; };
		936E489914E0848C0021A3AF /* AsyncUdpSocket.m */ = {isa = PBXFileReference; fileEncoding = 4; lastKnownFileType = sourcecode.c.objc; name = AsyncUdpSocket.m; path = CocoaAsyncSocket/RunLoop/AsyncUdpSocket.m; sourceTree = "<group>"; };
		93F38F8A14DBA5F200783164 /* AudioToolbox.framework */ = {isa = PBXFileReference; lastKnownFileType = wrapper.framework; name = AudioToolbox.framework; path = System/Library/Frameworks/AudioToolbox.framework; sourceTree = SDKROOT; };
/* End PBXFileReference section */

/* Begin PBXFrameworksBuildPhase section */
		9344658E14D89EBF007C028A /* Frameworks */ = {
			isa = PBXFrameworksBuildPhase;
			buildActionMask = 2147483647;
			files = (
				93F38F8B14DBA5F200783164 /* AudioToolbox.framework in Frameworks */,
				934465E614D8FA99007C028A /* Security.framework in Frameworks */,
				934465E514D8FA7A007C028A /* CFNetwork.framework in Frameworks */,
				934465E114D8EA3F007C028A /* CoreMedia.framework in Frameworks */,
				934465D614D8A830007C028A /* AVFoundation.framework in Frameworks */,
				9344659614D89EBF007C028A /* UIKit.framework in Frameworks */,
				9344659814D89EBF007C028A /* Foundation.framework in Frameworks */,
				9344659A14D89EBF007C028A /* CoreGraphics.framework in Frameworks */,
			);
			runOnlyForDeploymentPostprocessing = 0;
		};
		934465B114D89EBF007C028A /* Frameworks */ = {
			isa = PBXFrameworksBuildPhase;
			buildActionMask = 2147483647;
			files = (
				934465B714D89EBF007C028A /* SenTestingKit.framework in Frameworks */,
				934465B814D89EBF007C028A /* UIKit.framework in Frameworks */,
				934465B914D89EBF007C028A /* Foundation.framework in Frameworks */,
			);
			runOnlyForDeploymentPostprocessing = 0;
		};
/* End PBXFrameworksBuildPhase section */

/* Begin PBXGroup section */
		9344658614D89EBF007C028A = {
			isa = PBXGroup;
			children = (
				936E489C14E084900021A3AF /* CococaAsyncSocket */,
				9344659B14D89EBF007C028A /* p2pbr */,
				934465BC14D89EBF007C028A /* p2pbrTests */,
				9344659414D89EBF007C028A /* Frameworks */,
				9344659214D89EBF007C028A /* Products */,
			);
			sourceTree = "<group>";
		};
		9344659214D89EBF007C028A /* Products */ = {
			isa = PBXGroup;
			children = (
				9344659114D89EBF007C028A /* p2pbr.app */,
				934465B514D89EBF007C028A /* p2pbrTests.octest */,
			);
			name = Products;
			sourceTree = "<group>";
		};
		9344659414D89EBF007C028A /* Frameworks */ = {
			isa = PBXGroup;
			children = (
				93F38F8A14DBA5F200783164 /* AudioToolbox.framework */,
				934465E414D8FA7A007C028A /* CFNetwork.framework */,
				934465E214D8F9B3007C028A /* Security.framework */,
				934465E014D8EA3F007C028A /* CoreMedia.framework */,
				934465D514D8A830007C028A /* AVFoundation.framework */,
				9344659514D89EBF007C028A /* UIKit.framework */,
				9344659714D89EBF007C028A /* Foundation.framework */,
				9344659914D89EBF007C028A /* CoreGraphics.framework */,
				934465B614D89EBF007C028A /* SenTestingKit.framework */,
			);
			name = Frameworks;
			sourceTree = "<group>";
		};
		9344659B14D89EBF007C028A /* p2pbr */ = {
			isa = PBXGroup;
			children = (
				934465A414D89EBF007C028A /* PBRAppDelegate.h */,
				934465A514D89EBF007C028A /* PBRAppDelegate.m */,
				934465A714D89EBF007C028A /* MainStoryboard_iPhone.storyboard */,
				934465AA14D89EBF007C028A /* MainStoryboard_iPad.storyboard */,
				934465AD14D89EBF007C028A /* PBRViewController.h */,
				934465AE14D89EBF007C028A /* PBRViewController.m */,
				934465D914D8D929007C028A /* StreamWriter.h */,
				934465DA14D8D929007C028A /* StreamWriter.m */,
				9344659C14D89EBF007C028A /* Supporting Files */,
			);
			path = p2pbr;
			sourceTree = "<group>";
		};
		9344659C14D89EBF007C028A /* Supporting Files */ = {
			isa = PBXGroup;
			children = (
				9344659D14D89EBF007C028A /* p2pbr-Info.plist */,
				9344659E14D89EBF007C028A /* InfoPlist.strings */,
				934465A114D89EBF007C028A /* main.m */,
				934465A314D89EBF007C028A /* p2pbr-Prefix.pch */,
			);
			name = "Supporting Files";
			sourceTree = "<group>";
		};
		934465BC14D89EBF007C028A /* p2pbrTests */ = {
			isa = PBXGroup;
			children = (
				934465C214D89EBF007C028A /* p2pbrTests.h */,
				934465C314D89EBF007C028A /* p2pbrTests.m */,
				934465BD14D89EBF007C028A /* Supporting Files */,
			);
			path = p2pbrTests;
			sourceTree = "<group>";
		};
		934465BD14D89EBF007C028A /* Supporting Files */ = {
			isa = PBXGroup;
			children = (
				934465BE14D89EBF007C028A /* p2pbrTests-Info.plist */,
				934465BF14D89EBF007C028A /* InfoPlist.strings */,
			);
			name = "Supporting Files";
			sourceTree = "<group>";
		};
		936E489C14E084900021A3AF /* CococaAsyncSocket */ = {
			isa = PBXGroup;
			children = (
				936E489614E0848C0021A3AF /* AsyncSocket.h */,
				936E489714E0848C0021A3AF /* AsyncSocket.m */,
				936E489814E0848C0021A3AF /* AsyncUdpSocket.h */,
				936E489914E0848C0021A3AF /* AsyncUdpSocket.m */,
			);
			name = CococaAsyncSocket;
			sourceTree = "<group>";
		};
/* End PBXGroup section */

/* Begin PBXNativeTarget section */
		9344659014D89EBF007C028A /* p2pbr */ = {
			isa = PBXNativeTarget;
			buildConfigurationList = 934465C714D89EBF007C028A /* Build configuration list for PBXNativeTarget "p2pbr" */;
			buildPhases = (
				9344658D14D89EBF007C028A /* Sources */,
				9344658E14D89EBF007C028A /* Frameworks */,
				9344658F14D89EBF007C028A /* Resources */,
			);
			buildRules = (
			);
			dependencies = (
			);
			name = p2pbr;
			productName = p2pbr;
			productReference = 9344659114D89EBF007C028A /* p2pbr.app */;
			productType = "com.apple.product-type.application";
		};
		934465B414D89EBF007C028A /* p2pbrTests */ = {
			isa = PBXNativeTarget;
			buildConfigurationList = 934465CA14D89EBF007C028A /* Build configuration list for PBXNativeTarget "p2pbrTests" */;
			buildPhases = (
				934465B014D89EBF007C028A /* Sources */,
				934465B114D89EBF007C028A /* Frameworks */,
				934465B214D89EBF007C028A /* Resources */,
				934465B314D89EBF007C028A /* ShellScript */,
			);
			buildRules = (
			);
			dependencies = (
				934465BB14D89EBF007C028A /* PBXTargetDependency */,
			);
			name = p2pbrTests;
			productName = p2pbrTests;
			productReference = 934465B514D89EBF007C028A /* p2pbrTests.octest */;
			productType = "com.apple.product-type.bundle";
		};
/* End PBXNativeTarget section */

/* Begin PBXProject section */
		9344658814D89EBF007C028A /* Project object */ = {
			isa = PBXProject;
			attributes = {
				LastUpgradeCheck = 0420;
			};
			buildConfigurationList = 9344658B14D89EBF007C028A /* Build configuration list for PBXProject "p2pbr" */;
			compatibilityVersion = "Xcode 3.2";
			developmentRegion = English;
			hasScannedForEncodings = 0;
			knownRegions = (
				en,
			);
			mainGroup = 9344658614D89EBF007C028A;
			productRefGroup = 9344659214D89EBF007C028A /* Products */;
			projectDirPath = "";
			projectRoot = "";
			targets = (
				9344659014D89EBF007C028A /* p2pbr */,
				934465B414D89EBF007C028A /* p2pbrTests */,
			);
		};
/* End PBXProject section */

/* Begin PBXResourcesBuildPhase section */
		9344658F14D89EBF007C028A /* Resources */ = {
			isa = PBXResourcesBuildPhase;
			buildActionMask = 2147483647;
			files = (
				934465A014D89EBF007C028A /* InfoPlist.strings in Resources */,
				934465A914D89EBF007C028A /* MainStoryboard_iPhone.storyboard in Resources */,
				934465AC14D89EBF007C028A /* MainStoryboard_iPad.storyboard in Resources */,
			);
			runOnlyForDeploymentPostprocessing = 0;
		};
		934465B214D89EBF007C028A /* Resources */ = {
			isa = PBXResourcesBuildPhase;
			buildActionMask = 2147483647;
			files = (
				934465C114D89EBF007C028A /* InfoPlist.strings in Resources */,
			);
			runOnlyForDeploymentPostprocessing = 0;
		};
/* End PBXResourcesBuildPhase section */

/* Begin PBXShellScriptBuildPhase section */
		934465B314D89EBF007C028A /* ShellScript */ = {
			isa = PBXShellScriptBuildPhase;
			buildActionMask = 2147483647;
			files = (
			);
			inputPaths = (
			);
			outputPaths = (
			);
			runOnlyForDeploymentPostprocessing = 0;
			shellPath = /bin/sh;
			shellScript = "# Run the unit tests in this test bundle.\n\"${SYSTEM_DEVELOPER_DIR}/Tools/RunUnitTests\"\n";
		};
/* End PBXShellScriptBuildPhase section */

/* Begin PBXSourcesBuildPhase section */
		9344658D14D89EBF007C028A /* Sources */ = {
			isa = PBXSourcesBuildPhase;
			buildActionMask = 2147483647;
			files = (
				934465A214D89EBF007C028A /* main.m in Sources */,
				934465A614D89EBF007C028A /* PBRAppDelegate.m in Sources */,
				934465AF14D89EBF007C028A /* PBRViewController.m in Sources */,
				934465DB14D8D929007C028A /* StreamWriter.m in Sources */,
				936E489A14E0848C0021A3AF /* AsyncSocket.m in Sources */,
				936E489B14E0848C0021A3AF /* AsyncUdpSocket.m in Sources */,
			);
			runOnlyForDeploymentPostprocessing = 0;
		};
		934465B014D89EBF007C028A /* Sources */ = {
			isa = PBXSourcesBuildPhase;
			buildActionMask = 2147483647;
			files = (
				934465C414D89EBF007C028A /* p2pbrTests.m in Sources */,
			);
			runOnlyForDeploymentPostprocessing = 0;
		};
/* End PBXSourcesBuildPhase section */

/* Begin PBXTargetDependency section */
		934465BB14D89EBF007C028A /* PBXTargetDependency */ = {
			isa = PBXTargetDependency;
			target = 9344659014D89EBF007C028A /* p2pbr */;
			targetProxy = 934465BA14D89EBF007C028A /* PBXContainerItemProxy */;
		};
/* End PBXTargetDependency section */

/* Begin PBXVariantGroup section */
		9344659E14D89EBF007C028A /* InfoPlist.strings */ = {
			isa = PBXVariantGroup;
			children = (
				9344659F14D89EBF007C028A /* en */,
			);
			name = InfoPlist.strings;
			sourceTree = "<group>";
		};
		934465A714D89EBF007C028A /* MainStoryboard_iPhone.storyboard */ = {
			isa = PBXVariantGroup;
			children = (
				934465A814D89EBF007C028A /* en */,
			);
			name = MainStoryboard_iPhone.storyboard;
			sourceTree = "<group>";
		};
		934465AA14D89EBF007C028A /* MainStoryboard_iPad.storyboard */ = {
			isa = PBXVariantGroup;
			children = (
				934465AB14D89EBF007C028A /* en */,
			);
			name = MainStoryboard_iPad.storyboard;
			sourceTree = "<group>";
		};
		934465BF14D89EBF007C028A /* InfoPlist.strings */ = {
			isa = PBXVariantGroup;
			children = (
				934465C014D89EBF007C028A /* en */,
			);
			name = InfoPlist.strings;
			sourceTree = "<group>";
		};
/* End PBXVariantGroup section */

/* Begin XCBuildConfiguration section */
		934465C514D89EBF007C028A /* Debug */ = {
			isa = XCBuildConfiguration;
			buildSettings = {
				ALWAYS_SEARCH_USER_PATHS = NO;
				ARCHS = "$(ARCHS_STANDARD_32_BIT)";
				CLANG_ENABLE_OBJC_ARC = YES;
				"CODE_SIGN_IDENTITY[sdk=iphoneos*]" = "iPhone Developer";
				COPY_PHASE_STRIP = NO;
				GCC_C_LANGUAGE_STANDARD = gnu99;
				GCC_DYNAMIC_NO_PIC = NO;
				GCC_OPTIMIZATION_LEVEL = 0;
				GCC_PREPROCESSOR_DEFINITIONS = (
					"DEBUG=1",
					"$(inherited)",
				);
				GCC_SYMBOLS_PRIVATE_EXTERN = NO;
				GCC_VERSION = com.apple.compilers.llvm.clang.1_0;
				GCC_WARN_ABOUT_MISSING_PROTOTYPES = YES;
				GCC_WARN_ABOUT_RETURN_TYPE = YES;
				GCC_WARN_UNUSED_VARIABLE = YES;
				IPHONEOS_DEPLOYMENT_TARGET = 5.0;
				SDKROOT = iphoneos;
				TARGETED_DEVICE_FAMILY = "1,2";
			};
			name = Debug;
		};
		934465C614D89EBF007C028A /* Release */ = {
			isa = XCBuildConfiguration;
			buildSettings = {
				ALWAYS_SEARCH_USER_PATHS = NO;
				ARCHS = "$(ARCHS_STANDARD_32_BIT)";
				CLANG_ENABLE_OBJC_ARC = YES;
				"CODE_SIGN_IDENTITY[sdk=iphoneos*]" = "iPhone Developer";
				COPY_PHASE_STRIP = YES;
				GCC_C_LANGUAGE_STANDARD = gnu99;
				GCC_VERSION = com.apple.compilers.llvm.clang.1_0;
				GCC_WARN_ABOUT_MISSING_PROTOTYPES = YES;
				GCC_WARN_ABOUT_RETURN_TYPE = YES;
				GCC_WARN_UNUSED_VARIABLE = YES;
				IPHONEOS_DEPLOYMENT_TARGET = 5.0;
				OTHER_CFLAGS = "-DNS_BLOCK_ASSERTIONS=1";
				SDKROOT = iphoneos;
				TARGETED_DEVICE_FAMILY = "1,2";
				VALIDATE_PRODUCT = YES;
			};
			name = Release;
		};
		934465C814D89EBF007C028A /* Debug */ = {
			isa = XCBuildConfiguration;
			buildSettings = {
				GCC_PRECOMPILE_PREFIX_HEADER = YES;
				GCC_PREFIX_HEADER = "p2pbr/p2pbr-Prefix.pch";
				INFOPLIST_FILE = "p2pbr/p2pbr-Info.plist";
				PRODUCT_NAME = p2pbr;
				WRAPPER_EXTENSION = app;
			};
			name = Debug;
		};
		934465C914D89EBF007C028A /* Release */ = {
			isa = XCBuildConfiguration;
			buildSettings = {
				GCC_PRECOMPILE_PREFIX_HEADER = YES;
				GCC_PREFIX_HEADER = "p2pbr/p2pbr-Prefix.pch";
				INFOPLIST_FILE = "p2pbr/p2pbr-Info.plist";
				PRODUCT_NAME = p2pbr;
				WRAPPER_EXTENSION = app;
			};
			name = Release;
		};
		934465CB14D89EBF007C028A /* Debug */ = {
			isa = XCBuildConfiguration;
			buildSettings = {
				BUNDLE_LOADER = "$(BUILT_PRODUCTS_DIR)/p2pbr.app/p2pbr";
				FRAMEWORK_SEARCH_PATHS = (
					"$(SDKROOT)/Developer/Library/Frameworks",
					"$(DEVELOPER_LIBRARY_DIR)/Frameworks",
				);
				GCC_PRECOMPILE_PREFIX_HEADER = YES;
				GCC_PREFIX_HEADER = "p2pbr/p2pbr-Prefix.pch";
				INFOPLIST_FILE = "p2pbrTests/p2pbrTests-Info.plist";
				PRODUCT_NAME = p2pbrTests;
				TEST_HOST = "$(BUNDLE_LOADER)";
				WRAPPER_EXTENSION = octest;
			};
			name = Debug;
		};
		934465CC14D89EBF007C028A /* Release */ = {
			isa = XCBuildConfiguration;
			buildSettings = {
				BUNDLE_LOADER = "$(BUILT_PRODUCTS_DIR)/p2pbr.app/p2pbr";
				FRAMEWORK_SEARCH_PATHS = (
					"$(SDKROOT)/Developer/Library/Frameworks",
					"$(DEVELOPER_LIBRARY_DIR)/Frameworks",
				);
				GCC_PRECOMPILE_PREFIX_HEADER = YES;
				GCC_PREFIX_HEADER = "p2pbr/p2pbr-Prefix.pch";
				INFOPLIST_FILE = "p2pbrTests/p2pbrTests-Info.plist";
				PRODUCT_NAME = p2pbrTests;
				TEST_HOST = "$(BUNDLE_LOADER)";
				WRAPPER_EXTENSION = octest;
			};
			name = Release;
		};
/* End XCBuildConfiguration section */

/* Begin XCConfigurationList section */
		9344658B14D89EBF007C028A /* Build configuration list for PBXProject "p2pbr" */ = {
			isa = XCConfigurationList;
			buildConfigurations = (
				934465C514D89EBF007C028A /* Debug */,
				934465C614D89EBF007C028A /* Release */,
			);
			defaultConfigurationIsVisible = 0;
			defaultConfigurationName = Release;
		};
		934465C714D89EBF007C028A /* Build configuration list for PBXNativeTarget "p2pbr" */ = {
			isa = XCConfigurationList;
			buildConfigurations = (
				934465C814D89EBF007C028A /* Debug */,
				934465C914D89EBF007C028A /* Release */,
			);
			defaultConfigurationIsVisible = 0;
			defaultConfigurationName = Release;
		};
		934465CA14D89EBF007C028A /* Build configuration list for PBXNativeTarget "p2pbrTests" */ = {
			isa = XCConfigurationList;
			buildConfigurations = (
				934465CB14D89EBF007C028A /* Debug */,
				934465CC14D89EBF007C028A /* Release */,
			);
			defaultConfigurationIsVisible = 0;
			defaultConfigurationName = Release;
		};
/* End XCConfigurationList section */
	};
	rootObject = 9344658814D89EBF007C028A /* Project object */;
}
